packages:
  - name: dbt_utils
    package: dbt-labs/dbt_utils
    version: 1.1.1
  - git: https://github.com/calogica/dbt-expectations.git
    name: dbt_expectations
    revision: 3b2d4e61ce69e99cd480d066e026936ecab9827c
  - name: dbt_date
    package: calogica/dbt_date
    version: 0.7.2
sha1_hash: dd3482e0d80547aef120d8a5f8360ab118779499
